// !$*UTF8*$!
{
	archiveVersion = 1;
	classes = {
	};
	objectVersion = 56;
	objects = {

/* Begin PBXBuildFile section */
		DD0BC11C2A5584FC00ED13B6 /* WelcomeScreenViewController.swift in Sources */ = {isa = PBXBuildFile; fileRef = DD0BC11B2A5584FC00ED13B6 /* WelcomeScreenViewController.swift */; };
		DD0BC11E2A5585F700ED13B6 /* CLTypingLabel.swift in Sources */ = {isa = PBXBuildFile; fileRef = DD0BC11D2A5585F700ED13B6 /* CLTypingLabel.swift */; };
		DD0BC1202A558F3900ED13B6 /* SignUpViewController.swift in Sources */ = {isa = PBXBuildFile; fileRef = DD0BC11F2A558F3900ED13B6 /* SignUpViewController.swift */; };
		DD0BC1222A558F4800ED13B6 /* LogInViewController.swift in Sources */ = {isa = PBXBuildFile; fileRef = DD0BC1212A558F4800ED13B6 /* LogInViewController.swift */; };
		DD0BC1272A55917100ED13B6 /* QuestionModel.swift in Sources */ = {isa = PBXBuildFile; fileRef = DD0BC1232A55917000ED13B6 /* QuestionModel.swift */; };
		DD0BC1282A55917100ED13B6 /* QuizManager.swift in Sources */ = {isa = PBXBuildFile; fileRef = DD0BC1242A55917100ED13B6 /* QuizManager.swift */; };
		DD0BC1292A55917100ED13B6 /* LogInController.swift in Sources */ = {isa = PBXBuildFile; fileRef = DD0BC1252A55917100ED13B6 /* LogInController.swift */; };
		DD0BC12A2A55917100ED13B6 /* SignUpController.swift in Sources */ = {isa = PBXBuildFile; fileRef = DD0BC1262A55917100ED13B6 /* SignUpController.swift */; };
		DD0BC12D2A55A3C200ED13B6 /* TopicViewController.swift in Sources */ = {isa = PBXBuildFile; fileRef = DD0BC12C2A55A3C200ED13B6 /* TopicViewController.swift */; };
		DD0BC12F2A55A47C00ED13B6 /* CellViewController.swift in Sources */ = {isa = PBXBuildFile; fileRef = DD0BC12E2A55A47C00ED13B6 /* CellViewController.swift */; };
		DD0BC1312A55CDAA00ED13B6 /* QuizSettingsViewController.swift in Sources */ = {isa = PBXBuildFile; fileRef = DD0BC1302A55CDAA00ED13B6 /* QuizSettingsViewController.swift */; };
		DD0F240B2A56B5BD0059CAE6 /* QuizViewController.swift in Sources */ = {isa = PBXBuildFile; fileRef = DD0F240A2A56B5BD0059CAE6 /* QuizViewController.swift */; };
		DD0F240D2A56F8680059CAE6 /* ResultViewController.swift in Sources */ = {isa = PBXBuildFile; fileRef = DD0F240C2A56F8680059CAE6 /* ResultViewController.swift */; };
		DDF33CAF2A557FD70095DBC6 /* AppDelegate.swift in Sources */ = {isa = PBXBuildFile; fileRef = DDF33CAE2A557FD70095DBC6 /* AppDelegate.swift */; };
		DDF33CB12A557FD70095DBC6 /* SceneDelegate.swift in Sources */ = {isa = PBXBuildFile; fileRef = DDF33CB02A557FD70095DBC6 /* SceneDelegate.swift */; };
		DDF33CB62A557FD70095DBC6 /* Main.storyboard in Resources */ = {isa = PBXBuildFile; fileRef = DDF33CB42A557FD70095DBC6 /* Main.storyboard */; };
		DDF33CB82A557FD80095DBC6 /* Assets.xcassets in Resources */ = {isa = PBXBuildFile; fileRef = DDF33CB72A557FD80095DBC6 /* Assets.xcassets */; };
		DDF33CBB2A557FD80095DBC6 /* LaunchScreen.storyboard in Resources */ = {isa = PBXBuildFile; fileRef = DDF33CB92A557FD80095DBC6 /* LaunchScreen.storyboard */; };
		DDF33CC42A5581CC0095DBC6 /* FirebaseAuth in Frameworks */ = {isa = PBXBuildFile; productRef = DDF33CC32A5581CC0095DBC6 /* FirebaseAuth */; };
		DDF33CC62A5581CC0095DBC6 /* FirebaseFirestore in Frameworks */ = {isa = PBXBuildFile; productRef = DDF33CC52A5581CC0095DBC6 /* FirebaseFirestore */; };
		DDF33CC82A55824A0095DBC6 /* GoogleService-Info.plist in Resources */ = {isa = PBXBuildFile; fileRef = DDF33CC72A55824A0095DBC6 /* GoogleService-Info.plist */; };
/* End PBXBuildFile section */

/* Begin PBXFileReference section */
		DD0BC11B2A5584FC00ED13B6 /* WelcomeScreenViewController.swift */ = {isa = PBXFileReference; lastKnownFileType = sourcecode.swift; path = WelcomeScreenViewController.swift; sourceTree = "<group>"; };
		DD0BC11D2A5585F700ED13B6 /* CLTypingLabel.swift */ = {isa = PBXFileReference; fileEncoding = 4; lastKnownFileType = sourcecode.swift; path = CLTypingLabel.swift; sourceTree = "<group>"; };
		DD0BC11F2A558F3900ED13B6 /* SignUpViewController.swift */ = {isa = PBXFileReference; lastKnownFileType = sourcecode.swift; path = SignUpViewController.swift; sourceTree = "<group>"; };
		DD0BC1212A558F4800ED13B6 /* LogInViewController.swift */ = {isa = PBXFileReference; lastKnownFileType = sourcecode.swift; path = LogInViewController.swift; sourceTree = "<group>"; };
		DD0BC1232A55917000ED13B6 /* QuestionModel.swift */ = {isa = PBXFileReference; fileEncoding = 4; lastKnownFileType = sourcecode.swift; path = QuestionModel.swift; sourceTree = "<group>"; };
		DD0BC1242A55917100ED13B6 /* QuizManager.swift */ = {isa = PBXFileReference; fileEncoding = 4; lastKnownFileType = sourcecode.swift; path = QuizManager.swift; sourceTree = "<group>"; };
		DD0BC1252A55917100ED13B6 /* LogInController.swift */ = {isa = PBXFileReference; fileEncoding = 4; lastKnownFileType = sourcecode.swift; path = LogInController.swift; sourceTree = "<group>"; };
		DD0BC1262A55917100ED13B6 /* SignUpController.swift */ = {isa = PBXFileReference; fileEncoding = 4; lastKnownFileType = sourcecode.swift; path = SignUpController.swift; sourceTree = "<group>"; };
		DD0BC12C2A55A3C200ED13B6 /* TopicViewController.swift */ = {isa = PBXFileReference; lastKnownFileType = sourcecode.swift; path = TopicViewController.swift; sourceTree = "<group>"; };
		DD0BC12E2A55A47C00ED13B6 /* CellViewController.swift */ = {isa = PBXFileReference; lastKnownFileType = sourcecode.swift; path = CellViewController.swift; sourceTree = "<group>"; };
		DD0BC1302A55CDAA00ED13B6 /* QuizSettingsViewController.swift */ = {isa = PBXFileReference; lastKnownFileType = sourcecode.swift; path = QuizSettingsViewController.swift; sourceTree = "<group>"; };
		DD0F240A2A56B5BD0059CAE6 /* QuizViewController.swift */ = {isa = PBXFileReference; lastKnownFileType = sourcecode.swift; path = QuizViewController.swift; sourceTree = "<group>"; };
		DD0F240C2A56F8680059CAE6 /* ResultViewController.swift */ = {isa = PBXFileReference; lastKnownFileType = sourcecode.swift; path = ResultViewController.swift; sourceTree = "<group>"; };
		DDF33CAB2A557FD70095DBC6 /* Quizler.app */ = {isa = PBXFileReference; explicitFileType = wrapper.application; includeInIndex = 0; path = Quizler.app; sourceTree = BUILT_PRODUCTS_DIR; };
		DDF33CAE2A557FD70095DBC6 /* AppDelegate.swift */ = {isa = PBXFileReference; lastKnownFileType = sourcecode.swift; path = AppDelegate.swift; sourceTree = "<group>"; };
		DDF33CB02A557FD70095DBC6 /* SceneDelegate.swift */ = {isa = PBXFileReference; lastKnownFileType = sourcecode.swift; path = SceneDelegate.swift; sourceTree = "<group>"; };
		DDF33CB52A557FD70095DBC6 /* Base */ = {isa = PBXFileReference; lastKnownFileType = file.storyboard; name = Base; path = Base.lproj/Main.storyboard; sourceTree = "<group>"; };
		DDF33CB72A557FD80095DBC6 /* Assets.xcassets */ = {isa = PBXFileReference; lastKnownFileType = folder.assetcatalog; path = Assets.xcassets; sourceTree = "<group>"; };
		DDF33CBA2A557FD80095DBC6 /* Base */ = {isa = PBXFileReference; lastKnownFileType = file.storyboard; name = Base; path = Base.lproj/LaunchScreen.storyboard; sourceTree = "<group>"; };
		DDF33CBC2A557FD80095DBC6 /* Info.plist */ = {isa = PBXFileReference; lastKnownFileType = text.plist.xml; path = Info.plist; sourceTree = "<group>"; };
		DDF33CC72A55824A0095DBC6 /* GoogleService-Info.plist */ = {isa = PBXFileReference; fileEncoding = 4; lastKnownFileType = text.plist.xml; path = "GoogleService-Info.plist"; sourceTree = "<group>"; };
/* End PBXFileReference section */

/* Begin PBXFrameworksBuildPhase section */
		DDF33CA82A557FD70095DBC6 /* Frameworks */ = {
			isa = PBXFrameworksBuildPhase;
			buildActionMask = 2147483647;
			files = (
				DDF33CC42A5581CC0095DBC6 /* FirebaseAuth in Frameworks */,
				DDF33CC62A5581CC0095DBC6 /* FirebaseFirestore in Frameworks */,
			);
			runOnlyForDeploymentPostprocessing = 0;
		};
/* End PBXFrameworksBuildPhase section */

/* Begin PBXGroup section */
		DD0BC12B2A5591B300ED13B6 /* Models */ = {
			isa = PBXGroup;
			children = (
				DD0BC1262A55917100ED13B6 /* SignUpController.swift */,
				DD0BC1252A55917100ED13B6 /* LogInController.swift */,
				DD0BC1232A55917000ED13B6 /* QuestionModel.swift */,
				DD0BC1242A55917100ED13B6 /* QuizManager.swift */,
			);
			path = Models;
			sourceTree = "<group>";
		};
		DDF33CA22A557FD70095DBC6 = {
			isa = PBXGroup;
			children = (
				DDF33CAD2A557FD70095DBC6 /* Quizler */,
				DDF33CAC2A557FD70095DBC6 /* Products */,
			);
			sourceTree = "<group>";
		};
		DDF33CAC2A557FD70095DBC6 /* Products */ = {
			isa = PBXGroup;
			children = (
				DDF33CAB2A557FD70095DBC6 /* Quizler.app */,
			);
			name = Products;
			sourceTree = "<group>";
		};
		DDF33CAD2A557FD70095DBC6 /* Quizler */ = {
			isa = PBXGroup;
			children = (
				DDF33CAE2A557FD70095DBC6 /* AppDelegate.swift */,
				DDF33CB02A557FD70095DBC6 /* SceneDelegate.swift */,
				DD0BC12B2A5591B300ED13B6 /* Models */,
				DDF33CC92A5582BA0095DBC6 /* Views */,
				DDF33CCA2A5582D00095DBC6 /* Controllers */,
				DDF33CB92A557FD80095DBC6 /* LaunchScreen.storyboard */,
				DD0BC11D2A5585F700ED13B6 /* CLTypingLabel.swift */,
				DDF33CB72A557FD80095DBC6 /* Assets.xcassets */,
				DDF33CBC2A557FD80095DBC6 /* Info.plist */,
				DDF33CC72A55824A0095DBC6 /* GoogleService-Info.plist */,
			);
			path = Quizler;
			sourceTree = "<group>";
		};
		DDF33CC92A5582BA0095DBC6 /* Views */ = {
			isa = PBXGroup;
			children = (
				DDF33CB42A557FD70095DBC6 /* Main.storyboard */,
			);
			path = Views;
			sourceTree = "<group>";
		};
		DDF33CCA2A5582D00095DBC6 /* Controllers */ = {
			isa = PBXGroup;
			children = (
				DD0BC11B2A5584FC00ED13B6 /* WelcomeScreenViewController.swift */,
				DD0BC11F2A558F3900ED13B6 /* SignUpViewController.swift */,
				DD0BC1212A558F4800ED13B6 /* LogInViewController.swift */,
				DD0BC12C2A55A3C200ED13B6 /* TopicViewController.swift */,
				DD0BC1302A55CDAA00ED13B6 /* QuizSettingsViewController.swift */,
				DD0F240A2A56B5BD0059CAE6 /* QuizViewController.swift */,
				DD0F240C2A56F8680059CAE6 /* ResultViewController.swift */,
				DD0BC12E2A55A47C00ED13B6 /* CellViewController.swift */,
			);
			path = Controllers;
			sourceTree = "<group>";
		};
/* End PBXGroup section */

/* Begin PBXNativeTarget section */
		DDF33CAA2A557FD70095DBC6 /* Quizler */ = {
			isa = PBXNativeTarget;
			buildConfigurationList = DDF33CBF2A557FD80095DBC6 /* Build configuration list for PBXNativeTarget "Quizler" */;
			buildPhases = (
				DDF33CA72A557FD70095DBC6 /* Sources */,
				DDF33CA82A557FD70095DBC6 /* Frameworks */,
				DDF33CA92A557FD70095DBC6 /* Resources */,
			);
			buildRules = (
			);
			dependencies = (
			);
			name = Quizler;
			packageProductDependencies = (
				DDF33CC32A5581CC0095DBC6 /* FirebaseAuth */,
				DDF33CC52A5581CC0095DBC6 /* FirebaseFirestore */,
			);
			productName = Quizler;
			productReference = DDF33CAB2A557FD70095DBC6 /* Quizler.app */;
			productType = "com.apple.product-type.application";
		};
/* End PBXNativeTarget section */

/* Begin PBXProject section */
		DDF33CA32A557FD70095DBC6 /* Project object */ = {
			isa = PBXProject;
			attributes = {
				BuildIndependentTargetsInParallel = 1;
				LastSwiftUpdateCheck = 1430;
				LastUpgradeCheck = 1430;
				TargetAttributes = {
					DDF33CAA2A557FD70095DBC6 = {
						CreatedOnToolsVersion = 14.3.1;
					};
				};
			};
			buildConfigurationList = DDF33CA62A557FD70095DBC6 /* Build configuration list for PBXProject "Quizler" */;
			compatibilityVersion = "Xcode 14.0";
			developmentRegion = en;
			hasScannedForEncodings = 0;
			knownRegions = (
				en,
				Base,
			);
			mainGroup = DDF33CA22A557FD70095DBC6;
			packageReferences = (
				DDF33CC22A5581CB0095DBC6 /* XCRemoteSwiftPackageReference "firebase-ios-sdk" */,
			);
			productRefGroup = DDF33CAC2A557FD70095DBC6 /* Products */;
			projectDirPath = "";
			projectRoot = "";
			targets = (
				DDF33CAA2A557FD70095DBC6 /* Quizler */,
			);
		};
/* End PBXProject section */

/* Begin PBXResourcesBuildPhase section */
		DDF33CA92A557FD70095DBC6 /* Resources */ = {
			isa = PBXResourcesBuildPhase;
			buildActionMask = 2147483647;
			files = (
				DDF33CC82A55824A0095DBC6 /* GoogleService-Info.plist in Resources */,
				DDF33CBB2A557FD80095DBC6 /* LaunchScreen.storyboard in Resources */,
				DDF33CB82A557FD80095DBC6 /* Assets.xcassets in Resources */,
				DDF33CB62A557FD70095DBC6 /* Main.storyboard in Resources */,
			);
			runOnlyForDeploymentPostprocessing = 0;
		};
/* End PBXResourcesBuildPhase section */

/* Begin PBXSourcesBuildPhase section */
		DDF33CA72A557FD70095DBC6 /* Sources */ = {
			isa = PBXSourcesBuildPhase;
			buildActionMask = 2147483647;
			files = (
				DD0BC1282A55917100ED13B6 /* QuizManager.swift in Sources */,
				DD0BC1272A55917100ED13B6 /* QuestionModel.swift in Sources */,
				DD0BC11E2A5585F700ED13B6 /* CLTypingLabel.swift in Sources */,
				DD0BC1312A55CDAA00ED13B6 /* QuizSettingsViewController.swift in Sources */,
				DDF33CAF2A557FD70095DBC6 /* AppDelegate.swift in Sources */,
				DD0F240D2A56F8680059CAE6 /* ResultViewController.swift in Sources */,
				DD0BC1292A55917100ED13B6 /* LogInController.swift in Sources */,
				DD0F240B2A56B5BD0059CAE6 /* QuizViewController.swift in Sources */,
				DD0BC12A2A55917100ED13B6 /* SignUpController.swift in Sources */,
				DD0BC12F2A55A47C00ED13B6 /* CellViewController.swift in Sources */,
				DD0BC1222A558F4800ED13B6 /* LogInViewController.swift in Sources */,
				DDF33CB12A557FD70095DBC6 /* SceneDelegate.swift in Sources */,
				DD0BC11C2A5584FC00ED13B6 /* WelcomeScreenViewController.swift in Sources */,
				DD0BC1202A558F3900ED13B6 /* SignUpViewController.swift in Sources */,
				DD0BC12D2A55A3C200ED13B6 /* TopicViewController.swift in Sources */,
			);
			runOnlyForDeploymentPostprocessing = 0;
		};
/* End PBXSourcesBuildPhase section */

/* Begin PBXVariantGroup section */
		DDF33CB42A557FD70095DBC6 /* Main.storyboard */ = {
			isa = PBXVariantGroup;
			children = (
				DDF33CB52A557FD70095DBC6 /* Base */,
			);
			name = Main.storyboard;
			sourceTree = "<group>";
		};
		DDF33CB92A557FD80095DBC6 /* LaunchScreen.storyboard */ = {
			isa = PBXVariantGroup;
			children = (
				DDF33CBA2A557FD80095DBC6 /* Base */,
			);
			name = LaunchScreen.storyboard;
			sourceTree = "<group>";
		};
/* End PBXVariantGroup section */

/* Begin XCBuildConfiguration section */
		DDF33CBD2A557FD80095DBC6 /* Debug */ = {
			isa = XCBuildConfiguration;
			buildSettings = {
				ALWAYS_SEARCH_USER_PATHS = NO;
				CLANG_ANALYZER_NONNULL = YES;
				CLANG_ANALYZER_NUMBER_OBJECT_CONVERSION = YES_AGGRESSIVE;
				CLANG_CXX_LANGUAGE_STANDARD = "gnu++20";
				CLANG_ENABLE_MODULES = YES;
				CLANG_ENABLE_OBJC_ARC = YES;
				CLANG_ENABLE_OBJC_WEAK = YES;
				CLANG_WARN_BLOCK_CAPTURE_AUTORELEASING = YES;
				CLANG_WARN_BOOL_CONVERSION = YES;
				CLANG_WARN_COMMA = YES;
				CLANG_WARN_CONSTANT_CONVERSION = YES;
				CLANG_WARN_DEPRECATED_OBJC_IMPLEMENTATIONS = YES;
				CLANG_WARN_DIRECT_OBJC_ISA_USAGE = YES_ERROR;
				CLANG_WARN_DOCUMENTATION_COMMENTS = YES;
				CLANG_WARN_EMPTY_BODY = YES;
				CLANG_WARN_ENUM_CONVERSION = YES;
				CLANG_WARN_INFINITE_RECURSION = YES;
				CLANG_WARN_INT_CONVERSION = YES;
				CLANG_WARN_NON_LITERAL_NULL_CONVERSION = YES;
				CLANG_WARN_OBJC_IMPLICIT_RETAIN_SELF = YES;
				CLANG_WARN_OBJC_LITERAL_CONVERSION = YES;
				CLANG_WARN_OBJC_ROOT_CLASS = YES_ERROR;
				CLANG_WARN_QUOTED_INCLUDE_IN_FRAMEWORK_HEADER = YES;
				CLANG_WARN_RANGE_LOOP_ANALYSIS = YES;
				CLANG_WARN_STRICT_PROTOTYPES = YES;
				CLANG_WARN_SUSPICIOUS_MOVE = YES;
				CLANG_WARN_UNGUARDED_AVAILABILITY = YES_AGGRESSIVE;
				CLANG_WARN_UNREACHABLE_CODE = YES;
				CLANG_WARN__DUPLICATE_METHOD_MATCH = YES;
				COPY_PHASE_STRIP = NO;
				DEBUG_INFORMATION_FORMAT = dwarf;
				ENABLE_STRICT_OBJC_MSGSEND = YES;
				ENABLE_TESTABILITY = YES;
				GCC_C_LANGUAGE_STANDARD = gnu11;
				GCC_DYNAMIC_NO_PIC = NO;
				GCC_NO_COMMON_BLOCKS = YES;
				GCC_OPTIMIZATION_LEVEL = 0;
				GCC_PREPROCESSOR_DEFINITIONS = (
					"DEBUG=1",
					"$(inherited)",
				);
				GCC_WARN_64_TO_32_BIT_CONVERSION = YES;
				GCC_WARN_ABOUT_RETURN_TYPE = YES_ERROR;
				GCC_WARN_UNDECLARED_SELECTOR = YES;
				GCC_WARN_UNINITIALIZED_AUTOS = YES_AGGRESSIVE;
				GCC_WARN_UNUSED_FUNCTION = YES;
				GCC_WARN_UNUSED_VARIABLE = YES;
				IPHONEOS_DEPLOYMENT_TARGET = 16.4;
				MTL_ENABLE_DEBUG_INFO = INCLUDE_SOURCE;
				MTL_FAST_MATH = YES;
				ONLY_ACTIVE_ARCH = YES;
				SDKROOT = iphoneos;
				SWIFT_ACTIVE_COMPILATION_CONDITIONS = DEBUG;
				SWIFT_OPTIMIZATION_LEVEL = "-Onone";
			};
			name = Debug;
		};
		DDF33CBE2A557FD80095DBC6 /* Release */ = {
			isa = XCBuildConfiguration;
			buildSettings = {
				ALWAYS_SEARCH_USER_PATHS = NO;
				CLANG_ANALYZER_NONNULL = YES;
				CLANG_ANALYZER_NUMBER_OBJECT_CONVERSION = YES_AGGRESSIVE;
				CLANG_CXX_LANGUAGE_STANDARD = "gnu++20";
				CLANG_ENABLE_MODULES = YES;
				CLANG_ENABLE_OBJC_ARC = YES;
				CLANG_ENABLE_OBJC_WEAK = YES;
				CLANG_WARN_BLOCK_CAPTURE_AUTORELEASING = YES;
				CLANG_WARN_BOOL_CONVERSION = YES;
				CLANG_WARN_COMMA = YES;
				CLANG_WARN_CONSTANT_CONVERSION = YES;
				CLANG_WARN_DEPRECATED_OBJC_IMPLEMENTATIONS = YES;
				CLANG_WARN_DIRECT_OBJC_ISA_USAGE = YES_ERROR;
				CLANG_WARN_DOCUMENTATION_COMMENTS = YES;
				CLANG_WARN_EMPTY_BODY = YES;
				CLANG_WARN_ENUM_CONVERSION = YES;
				CLANG_WARN_INFINITE_RECURSION = YES;
				CLANG_WARN_INT_CONVERSION = YES;
				CLANG_WARN_NON_LITERAL_NULL_CONVERSION = YES;
				CLANG_WARN_OBJC_IMPLICIT_RETAIN_SELF = YES;
				CLANG_WARN_OBJC_LITERAL_CONVERSION = YES;
				CLANG_WARN_OBJC_ROOT_CLASS = YES_ERROR;
				CLANG_WARN_QUOTED_INCLUDE_IN_FRAMEWORK_HEADER = YES;
				CLANG_WARN_RANGE_LOOP_ANALYSIS = YES;
				CLANG_WARN_STRICT_PROTOTYPES = YES;
				CLANG_WARN_SUSPICIOUS_MOVE = YES;
				CLANG_WARN_UNGUARDED_AVAILABILITY = YES_AGGRESSIVE;
				CLANG_WARN_UNREACHABLE_CODE = YES;
				CLANG_WARN__DUPLICATE_METHOD_MATCH = YES;
				COPY_PHASE_STRIP = NO;
				DEBUG_INFORMATION_FORMAT = "dwarf-with-dsym";
				ENABLE_NS_ASSERTIONS = NO;
				ENABLE_STRICT_OBJC_MSGSEND = YES;
				GCC_C_LANGUAGE_STANDARD = gnu11;
				GCC_NO_COMMON_BLOCKS = YES;
				GCC_WARN_64_TO_32_BIT_CONVERSION = YES;
				GCC_WARN_ABOUT_RETURN_TYPE = YES_ERROR;
				GCC_WARN_UNDECLARED_SELECTOR = YES;
				GCC_WARN_UNINITIALIZED_AUTOS = YES_AGGRESSIVE;
				GCC_WARN_UNUSED_FUNCTION = YES;
				GCC_WARN_UNUSED_VARIABLE = YES;
				IPHONEOS_DEPLOYMENT_TARGET = 16.4;
				MTL_ENABLE_DEBUG_INFO = NO;
				MTL_FAST_MATH = YES;
				SDKROOT = iphoneos;
				SWIFT_COMPILATION_MODE = wholemodule;
				SWIFT_OPTIMIZATION_LEVEL = "-O";
				VALIDATE_PRODUCT = YES;
			};
			name = Release;
		};
		DDF33CC02A557FD80095DBC6 /* Debug */ = {
			isa = XCBuildConfiguration;
			buildSettings = {
				ASSETCATALOG_COMPILER_APPICON_NAME = AppIcon;
				ASSETCATALOG_COMPILER_GLOBAL_ACCENT_COLOR_NAME = AccentColor;
				CODE_SIGN_STYLE = Automatic;
				CURRENT_PROJECT_VERSION = 1;
				DEVELOPMENT_TEAM = 4RUKJ5BRNZ;
				GENERATE_INFOPLIST_FILE = YES;
				INFOPLIST_FILE = Quizler/Info.plist;
				INFOPLIST_KEY_UIApplicationSupportsIndirectInputEvents = YES;
				INFOPLIST_KEY_UILaunchStoryboardName = LaunchScreen;
				INFOPLIST_KEY_UIMainStoryboardFile = Main;
				INFOPLIST_KEY_UISupportedInterfaceOrientations_iPad = "UIInterfaceOrientationPortrait UIInterfaceOrientationPortraitUpsideDown UIInterfaceOrientationLandscapeLeft UIInterfaceOrientationLandscapeRight";
				INFOPLIST_KEY_UISupportedInterfaceOrientations_iPhone = "UIInterfaceOrientationPortrait UIInterfaceOrientationLandscapeLeft UIInterfaceOrientationLandscapeRight";
				LD_RUNPATH_SEARCH_PATHS = (
					"$(inherited)",
					"@executable_path/Frameworks",
				);
				MARKETING_VERSION = 1.0;
				PRODUCT_BUNDLE_IDENTIFIER = com.DavronAbdukhakimov.Quizler;
				PRODUCT_NAME = "$(TARGET_NAME)";
				SWIFT_EMIT_LOC_STRINGS = YES;
				SWIFT_VERSION = 5.0;
				TARGETED_DEVICE_FAMILY = "1,2";
			};
			name = Debug;
		};
		DDF33CC12A557FD80095DBC6 /* Release */ = {
			isa = XCBuildConfiguration;
			buildSettings = {
				ASSETCATALOG_COMPILER_APPICON_NAME = AppIcon;
				ASSETCATALOG_COMPILER_GLOBAL_ACCENT_COLOR_NAME = AccentColor;
				CODE_SIGN_STYLE = Automatic;
				CURRENT_PROJECT_VERSION = 1;
				DEVELOPMENT_TEAM = 4RUKJ5BRNZ;
				GENERATE_INFOPLIST_FILE = YES;
				INFOPLIST_FILE = Quizler/Info.plist;
				INFOPLIST_KEY_UIApplicationSupportsIndirectInputEvents = YES;
				INFOPLIST_KEY_UILaunchStoryboardName = LaunchScreen;
				INFOPLIST_KEY_UIMainStoryboardFile = Main;
				INFOPLIST_KEY_UISupportedInterfaceOrientations_iPad = "UIInterfaceOrientationPortrait UIInterfaceOrientationPortraitUpsideDown UIInterfaceOrientationLandscapeLeft UIInterfaceOrientationLandscapeRight";
				INFOPLIST_KEY_UISupportedInterfaceOrientations_iPhone = "UIInterfaceOrientationPortrait UIInterfaceOrientationLandscapeLeft UIInterfaceOrientationLandscapeRight";
				LD_RUNPATH_SEARCH_PATHS = (
					"$(inherited)",
					"@executable_path/Frameworks",
				);
				MARKETING_VERSION = 1.0;
				PRODUCT_BUNDLE_IDENTIFIER = com.DavronAbdukhakimov.Quizler;
				PRODUCT_NAME = "$(TARGET_NAME)";
				SWIFT_EMIT_LOC_STRINGS = YES;
				SWIFT_VERSION = 5.0;
				TARGETED_DEVICE_FAMILY = "1,2";
			};
			name = Release;
		};
/* End XCBuildConfiguration section */

/* Begin XCConfigurationList section */
		DDF33CA62A557FD70095DBC6 /* Build configuration list for PBXProject "Quizler" */ = {
			isa = XCConfigurationList;
			buildConfigurations = (
				DDF33CBD2A557FD80095DBC6 /* Debug */,
				DDF33CBE2A557FD80095DBC6 /* Release */,
			);
			defaultConfigurationIsVisible = 0;
			defaultConfigurationName = Release;
		};
		DDF33CBF2A557FD80095DBC6 /* Build configuration list for PBXNativeTarget "Quizler" */ = {
			isa = XCConfigurationList;
			buildConfigurations = (
				DDF33CC02A557FD80095DBC6 /* Debug */,
				DDF33CC12A557FD80095DBC6 /* Release */,
			);
			defaultConfigurationIsVisible = 0;
			defaultConfigurationName = Release;
		};
/* End XCConfigurationList section */

/* Begin XCRemoteSwiftPackageReference section */
		DDF33CC22A5581CB0095DBC6 /* XCRemoteSwiftPackageReference "firebase-ios-sdk" */ = {
			isa = XCRemoteSwiftPackageReference;
			repositoryURL = "https://github.com/firebase/firebase-ios-sdk";
			requirement = {
				kind = exactVersion;
				version = 10.11.0;
			};
		};
/* End XCRemoteSwiftPackageReference section */

/* Begin XCSwiftPackageProductDependency section */
		DDF33CC32A5581CC0095DBC6 /* FirebaseAuth */ = {
			isa = XCSwiftPackageProductDependency;
			package = DDF33CC22A5581CB0095DBC6 /* XCRemoteSwiftPackageReference "firebase-ios-sdk" */;
			productName = FirebaseAuth;
		};
		DDF33CC52A5581CC0095DBC6 /* FirebaseFirestore */ = {
			isa = XCSwiftPackageProductDependency;
			package = DDF33CC22A5581CB0095DBC6 /* XCRemoteSwiftPackageReference "firebase-ios-sdk" */;
			productName = FirebaseFirestore;
		};
/* End XCSwiftPackageProductDependency section */
	};
	rootObject = DDF33CA32A557FD70095DBC6 /* Project object */;
}
